
Microsoft Visual Studio Solution File, Format Version 12.00
# Visual Studio 2012
Project("{E24C65DC-7377-472B-9ABA-BC803B73C61A}") = "MovieApp", ".", "{BDC354D5-B414-40E9-AE47-9400AEA5AB9E}"
	ProjectSection(WebsiteProperties) = preProject
		TargetFrameworkMoniker = ".NETFramework,Version%3Dv4.0"
		Debug.AspNetCompiler.VirtualPath = "/MovieApp"
		Debug.AspNetCompiler.PhysicalPath = "..\MovieApp\"
		Debug.AspNetCompiler.TargetPath = "PrecompiledWeb\MovieApp\"
		Debug.AspNetCompiler.Updateable = "true"
		Debug.AspNetCompiler.ForceOverwrite = "true"
		Debug.AspNetCompiler.FixedNames = "false"
		Debug.AspNetCompiler.Debug = "True"
		Release.AspNetCompiler.VirtualPath = "/MovieApp"
		Release.AspNetCompiler.PhysicalPath = "..\MovieApp\"
		Release.AspNetCompiler.TargetPath = "PrecompiledWeb\MovieApp\"
		Release.AspNetCompiler.Updateable = "true"
		Release.AspNetCompiler.ForceOverwrite = "true"
		Release.AspNetCompiler.FixedNames = "false"
		Release.AspNetCompiler.Debug = "False"
		VWDPort = "58366"
	EndProjectSection
EndProject
Global
	GlobalSection(SolutionConfigurationPlatforms) = preSolution
		Debug|Any CPU = Debug|Any CPU
	EndGlobalSection
	GlobalSection(ProjectConfigurationPlatforms) = postSolution
		{BDC354D5-B414-40E9-AE47-9400AEA5AB9E}.Debug|Any CPU.ActiveCfg = Debug|Any CPU
		{BDC354D5-B414-40E9-AE47-9400AEA5AB9E}.Debug|Any CPU.Build.0 = Debug|Any CPU
	EndGlobalSection
	GlobalSection(SolutionProperties) = preSolution
		HideSolutionNode = FALSE
	EndGlobalSection
EndGlobal
